
Microsoft Visual Studio Solution File, Format Version 12.00
# Visual Studio Version 17
VisualStudioVersion = 17.9.34723.18
MinimumVisualStudioVersion = 10.0.40219.1
Project("{FAE04EC0-301F-11D3-BF4B-00C04F79EFBC}") = "json_dz2", "json_dz2.csproj", "{35D6388D-8454-4B51-8799-9099A9591ECE}"
EndProject
Global
	GlobalSection(SolutionConfigurationPlatforms) = preSolution
		Debug|Any CPU = Debug|Any CPU
		Release|Any CPU = Release|Any CPU
	EndGlobalSection
	GlobalSection(ProjectConfigurationPlatforms) = postSolution
		{35D6388D-8454-4B51-8799-9099A9591ECE}.Debug|Any CPU.ActiveCfg = Debug|Any CPU
		{35D6388D-8454-4B51-8799-9099A9591ECE}.Debug|Any CPU.Build.0 = Debug|Any CPU
		{35D6388D-8454-4B51-8799-9099A9591ECE}.Release|Any CPU.ActiveCfg = Release|Any CPU
		{35D6388D-8454-4B51-8799-9099A9591ECE}.Release|Any CPU.Build.0 = Release|Any CPU
	EndGlobalSection
	GlobalSection(SolutionProperties) = preSolution
		HideSolutionNode = FALSE
	EndGlobalSection
	GlobalSection(ExtensibilityGlobals) = postSolution
		SolutionGuid = {43A5ECB2-1A7E-4328-9F89-889CC705CA6E}
	EndGlobalSection
EndGlobal
